
Microsoft Visual Studio Solution File, Format Version 12.00
# Visual Studio 14
VisualStudioVersion = 14.0.24720.0
MinimumVisualStudioVersion = 10.0.40219.1
Project("{8BC9CEB8-8B4A-11D0-8D11-00A0C91BC942}") = "Project2Demonstration", "Project2Demonstration\Project2Demonstration.vcxproj", "{34670253-F808-4C96-B847-14E2AC6EB695}"
EndProject
Project("{8BC9CEB8-8B4A-11D0-8D11-00A0C91BC942}") = "Parser", "Parser\Parser.vcxproj", "{77BE9964-7862-4D05-AFF0-B42718AAE386}"
	ProjectSection(ProjectDependencies) = postProject
		{35F87DF8-4163-4407-8A0A-EFB28DEE4A39} = {35F87DF8-4163-4407-8A0A-EFB28DEE4A39}
	EndProjectSection
EndProject
Project("{8BC9CEB8-8B4A-11D0-8D11-00A0C91BC942}") = "ScopeStack", "ScopeStack\ScopeStack.vcxproj", "{0AE7CD6E-0797-422E-8DB9-407E517624A5}"
EndProject
Project("{8BC9CEB8-8B4A-11D0-8D11-00A0C91BC942}") = "SemiExp", "SemiExp\SemiExp.vcxproj", "{C1131546-C8AE-4A24-A866-4A28DFDB72B9}"
EndProject
Project("{8BC9CEB8-8B4A-11D0-8D11-00A0C91BC942}") = "ASTree", "ASTree\ASTree.vcxproj", "{35F87DF8-4163-4407-8A0A-EFB28DEE4A39}"
EndProject
Project("{8BC9CEB8-8B4A-11D0-8D11-00A0C91BC942}") = "FileMgr", "FileMgr\FileMgr.vcxproj", "{DDEE27FF-855E-4D10-AD7B-79CB8966EF13}"
EndProject
Project("{8BC9CEB8-8B4A-11D0-8D11-00A0C91BC942}") = "DataStore", "DataStore\DataStore.vcxproj", "{B816C2D9-4493-47DD-9AC2-2979F5354E2B}"
EndProject
Project("{8BC9CEB8-8B4A-11D0-8D11-00A0C91BC942}") = "MetricsAnalyzer", "MetricsAnalyzer\MetricsAnalyzer.vcxproj", "{7E7B4187-6D93-4598-96C2-D7AFA7617B2C}"
	ProjectSection(ProjectDependencies) = postProject
		{FD63AD3D-4A25-4F5C-BD43-1E19192357F2} = {FD63AD3D-4A25-4F5C-BD43-1E19192357F2}
		{C1131546-C8AE-4A24-A866-4A28DFDB72B9} = {C1131546-C8AE-4A24-A866-4A28DFDB72B9}
		{77BE9964-7862-4D05-AFF0-B42718AAE386} = {77BE9964-7862-4D05-AFF0-B42718AAE386}
		{0AE7CD6E-0797-422E-8DB9-407E517624A5} = {0AE7CD6E-0797-422E-8DB9-407E517624A5}
		{35F87DF8-4163-4407-8A0A-EFB28DEE4A39} = {35F87DF8-4163-4407-8A0A-EFB28DEE4A39}
	EndProjectSection
EndProject
Project("{8BC9CEB8-8B4A-11D0-8D11-00A0C91BC942}") = "MetricsExecutive", "MetricsExecutive\MetricsExecutive.vcxproj", "{C9724541-5D46-4106-9252-334B1DD8EEEA}"
	ProjectSection(ProjectDependencies) = postProject
		{77BE9964-7862-4D05-AFF0-B42718AAE386} = {77BE9964-7862-4D05-AFF0-B42718AAE386}
		{DDEE27FF-855E-4D10-AD7B-79CB8966EF13} = {DDEE27FF-855E-4D10-AD7B-79CB8966EF13}
	EndProjectSection
EndProject
Project("{8BC9CEB8-8B4A-11D0-8D11-00A0C91BC942}") = "Tokenizer", "Tokenizer\Tokenizer.vcxproj", "{FD63AD3D-4A25-4F5C-BD43-1E19192357F2}"
EndProject
Project("{8BC9CEB8-8B4A-11D0-8D11-00A0C91BC942}") = "Utilities", "Utilities\Utilities.vcxproj", "{462B43B2-8B13-4178-BF2A-903F76F1985C}"
EndProject
Global
	GlobalSection(SolutionConfigurationPlatforms) = preSolution
		Debug|Any CPU = Debug|Any CPU
		Debug|x64 = Debug|x64
		Debug|x86 = Debug|x86
		Release|Any CPU = Release|Any CPU
		Release|x64 = Release|x64
		Release|x86 = Release|x86
	EndGlobalSection
	GlobalSection(ProjectConfigurationPlatforms) = postSolution
		{34670253-F808-4C96-B847-14E2AC6EB695}.Debug|Any CPU.ActiveCfg = Debug|Win32
		{34670253-F808-4C96-B847-14E2AC6EB695}.Debug|x64.ActiveCfg = Debug|x64
		{34670253-F808-4C96-B847-14E2AC6EB695}.Debug|x64.Build.0 = Debug|x64
		{34670253-F808-4C96-B847-14E2AC6EB695}.Debug|x86.ActiveCfg = Debug|Win32
		{34670253-F808-4C96-B847-14E2AC6EB695}.Debug|x86.Build.0 = Debug|Win32
		{34670253-F808-4C96-B847-14E2AC6EB695}.Release|Any CPU.ActiveCfg = Release|Win32
		{34670253-F808-4C96-B847-14E2AC6EB695}.Release|x64.ActiveCfg = Release|x64
		{34670253-F808-4C96-B847-14E2AC6EB695}.Release|x64.Build.0 = Release|x64
		{34670253-F808-4C96-B847-14E2AC6EB695}.Release|x86.ActiveCfg = Release|Win32
		{34670253-F808-4C96-B847-14E2AC6EB695}.Release|x86.Build.0 = Release|Win32
		{77BE9964-7862-4D05-AFF0-B42718AAE386}.Debug|Any CPU.ActiveCfg = Debug|Win32
		{77BE9964-7862-4D05-AFF0-B42718AAE386}.Debug|x64.ActiveCfg = Debug|x64
		{77BE9964-7862-4D05-AFF0-B42718AAE386}.Debug|x64.Build.0 = Debug|x64
		{77BE9964-7862-4D05-AFF0-B42718AAE386}.Debug|x86.ActiveCfg = Debug|Win32
		{77BE9964-7862-4D05-AFF0-B42718AAE386}.Debug|x86.Build.0 = Debug|Win32
		{77BE9964-7862-4D05-AFF0-B42718AAE386}.Release|Any CPU.ActiveCfg = Release|Win32
		{77BE9964-7862-4D05-AFF0-B42718AAE386}.Release|x64.ActiveCfg = Release|x64
		{77BE9964-7862-4D05-AFF0-B42718AAE386}.Release|x64.Build.0 = Release|x64
		{77BE9964-7862-4D05-AFF0-B42718AAE386}.Release|x86.ActiveCfg = Release|Win32
		{77BE9964-7862-4D05-AFF0-B42718AAE386}.Release|x86.Build.0 = Release|Win32
		{0AE7CD6E-0797-422E-8DB9-407E517624A5}.Debug|Any CPU.ActiveCfg = Debug|Win32
		{0AE7CD6E-0797-422E-8DB9-407E517624A5}.Debug|x64.ActiveCfg = Debug|x64
		{0AE7CD6E-0797-422E-8DB9-407E517624A5}.Debug|x64.Build.0 = Debug|x64
		{0AE7CD6E-0797-422E-8DB9-407E517624A5}.Debug|x86.ActiveCfg = Debug|Win32
		{0AE7CD6E-0797-422E-8DB9-407E517624A5}.Debug|x86.Build.0 = Debug|Win32
		{0AE7CD6E-0797-422E-8DB9-407E517624A5}.Release|Any CPU.ActiveCfg = Release|Win32
		{0AE7CD6E-0797-422E-8DB9-407E517624A5}.Release|x64.ActiveCfg = Release|x64
		{0AE7CD6E-0797-422E-8DB9-407E517624A5}.Release|x64.Build.0 = Release|x64
		{0AE7CD6E-0797-422E-8DB9-407E517624A5}.Release|x86.ActiveCfg = Release|Win32
		{0AE7CD6E-0797-422E-8DB9-407E517624A5}.Release|x86.Build.0 = Release|Win32
		{C1131546-C8AE-4A24-A866-4A28DFDB72B9}.Debug|Any CPU.ActiveCfg = Debug|Win32
		{C1131546-C8AE-4A24-A866-4A28DFDB72B9}.Debug|x64.ActiveCfg = Debug|x64
		{C1131546-C8AE-4A24-A866-4A28DFDB72B9}.Debug|x64.Build.0 = Debug|x64
		{C1131546-C8AE-4A24-A866-4A28DFDB72B9}.Debug|x86.ActiveCfg = Debug|Win32
		{C1131546-C8AE-4A24-A866-4A28DFDB72B9}.Debug|x86.Build.0 = Debug|Win32
		{C1131546-C8AE-4A24-A866-4A28DFDB72B9}.Release|Any CPU.ActiveCfg = Release|Win32
		{C1131546-C8AE-4A24-A866-4A28DFDB72B9}.Release|x64.ActiveCfg = Release|x64
		{C1131546-C8AE-4A24-A866-4A28DFDB72B9}.Release|x64.Build.0 = Release|x64
		{C1131546-C8AE-4A24-A866-4A28DFDB72B9}.Release|x86.ActiveCfg = Release|Win32
		{C1131546-C8AE-4A24-A866-4A28DFDB72B9}.Release|x86.Build.0 = Release|Win32
		{35F87DF8-4163-4407-8A0A-EFB28DEE4A39}.Debug|Any CPU.ActiveCfg = Debug|Win32
		{35F87DF8-4163-4407-8A0A-EFB28DEE4A39}.Debug|x64.ActiveCfg = Debug|x64
		{35F87DF8-4163-4407-8A0A-EFB28DEE4A39}.Debug|x64.Build.0 = Debug|x64
		{35F87DF8-4163-4407-8A0A-EFB28DEE4A39}.Debug|x86.ActiveCfg = Debug|Win32
		{35F87DF8-4163-4407-8A0A-EFB28DEE4A39}.Debug|x86.Build.0 = Debug|Win32
		{35F87DF8-4163-4407-8A0A-EFB28DEE4A39}.Release|Any CPU.ActiveCfg = Release|Win32
		{35F87DF8-4163-4407-8A0A-EFB28DEE4A39}.Release|x64.ActiveCfg = Release|x64
		{35F87DF8-4163-4407-8A0A-EFB28DEE4A39}.Release|x64.Build.0 = Release|x64
		{35F87DF8-4163-4407-8A0A-EFB28DEE4A39}.Release|x86.ActiveCfg = Release|Win32
		{35F87DF8-4163-4407-8A0A-EFB28DEE4A39}.Release|x86.Build.0 = Release|Win32
		{DDEE27FF-855E-4D10-AD7B-79CB8966EF13}.Debug|Any CPU.ActiveCfg = Debug|Win32
		{DDEE27FF-855E-4D10-AD7B-79CB8966EF13}.Debug|x64.ActiveCfg = Debug|Win32
		{DDEE27FF-855E-4D10-AD7B-79CB8966EF13}.Debug|x86.ActiveCfg = Debug|Win32
		{DDEE27FF-855E-4D10-AD7B-79CB8966EF13}.Debug|x86.Build.0 = Debug|Win32
		{DDEE27FF-855E-4D10-AD7B-79CB8966EF13}.Release|Any CPU.ActiveCfg = Release|Win32
		{DDEE27FF-855E-4D10-AD7B-79CB8966EF13}.Release|x64.ActiveCfg = Release|Win32
		{DDEE27FF-855E-4D10-AD7B-79CB8966EF13}.Release|x86.ActiveCfg = Release|Win32
		{DDEE27FF-855E-4D10-AD7B-79CB8966EF13}.Release|x86.Build.0 = Release|Win32
		{B816C2D9-4493-47DD-9AC2-2979F5354E2B}.Debug|Any CPU.ActiveCfg = Debug|Win32
		{B816C2D9-4493-47DD-9AC2-2979F5354E2B}.Debug|x64.ActiveCfg = Debug|Win32
		{B816C2D9-4493-47DD-9AC2-2979F5354E2B}.Debug|x86.ActiveCfg = Debug|Win32
		{B816C2D9-4493-47DD-9AC2-2979F5354E2B}.Debug|x86.Build.0 = Debug|Win32
		{B816C2D9-4493-47DD-9AC2-2979F5354E2B}.Release|Any CPU.ActiveCfg = Release|Win32
		{B816C2D9-4493-47DD-9AC2-2979F5354E2B}.Release|x64.ActiveCfg = Release|Win32
		{B816C2D9-4493-47DD-9AC2-2979F5354E2B}.Release|x86.ActiveCfg = Release|Win32
		{B816C2D9-4493-47DD-9AC2-2979F5354E2B}.Release|x86.Build.0 = Release|Win32
		{7E7B4187-6D93-4598-96C2-D7AFA7617B2C}.Debug|Any CPU.ActiveCfg = Debug|Win32
		{7E7B4187-6D93-4598-96C2-D7AFA7617B2C}.Debug|x64.ActiveCfg = Debug|x64
		{7E7B4187-6D93-4598-96C2-D7AFA7617B2C}.Debug|x64.Build.0 = Debug|x64
		{7E7B4187-6D93-4598-96C2-D7AFA7617B2C}.Debug|x86.ActiveCfg = Debug|Win32
		{7E7B4187-6D93-4598-96C2-D7AFA7617B2C}.Debug|x86.Build.0 = Debug|Win32
		{7E7B4187-6D93-4598-96C2-D7AFA7617B2C}.Release|Any CPU.ActiveCfg = Release|Win32
		{7E7B4187-6D93-4598-96C2-D7AFA7617B2C}.Release|x64.ActiveCfg = Release|x64
		{7E7B4187-6D93-4598-96C2-D7AFA7617B2C}.Release|x64.Build.0 = Release|x64
		{7E7B4187-6D93-4598-96C2-D7AFA7617B2C}.Release|x86.ActiveCfg = Release|Win32
		{7E7B4187-6D93-4598-96C2-D7AFA7617B2C}.Release|x86.Build.0 = Release|Win32
		{C9724541-5D46-4106-9252-334B1DD8EEEA}.Debug|Any CPU.ActiveCfg = Debug|Win32
		{C9724541-5D46-4106-9252-334B1DD8EEEA}.Debug|x64.ActiveCfg = Debug|x64
		{C9724541-5D46-4106-9252-334B1DD8EEEA}.Debug|x64.Build.0 = Debug|x64
		{C9724541-5D46-4106-9252-334B1DD8EEEA}.Debug|x86.ActiveCfg = Debug|Win32
		{C9724541-5D46-4106-9252-334B1DD8EEEA}.Debug|x86.Build.0 = Debug|Win32
		{C9724541-5D46-4106-9252-334B1DD8EEEA}.Release|Any CPU.ActiveCfg = Release|Win32
		{C9724541-5D46-4106-9252-334B1DD8EEEA}.Release|x64.ActiveCfg = Release|x64
		{C9724541-5D46-4106-9252-334B1DD8EEEA}.Release|x64.Build.0 = Release|x64
		{C9724541-5D46-4106-9252-334B1DD8EEEA}.Release|x86.ActiveCfg = Release|Win32
		{C9724541-5D46-4106-9252-334B1DD8EEEA}.Release|x86.Build.0 = Release|Win32
		{FD63AD3D-4A25-4F5C-BD43-1E19192357F2}.Debug|Any CPU.ActiveCfg = Debug|Win32
		{FD63AD3D-4A25-4F5C-BD43-1E19192357F2}.Debug|x64.ActiveCfg = Debug|Win32
		{FD63AD3D-4A25-4F5C-BD43-1E19192357F2}.Debug|x86.ActiveCfg = Debug|Win32
		{FD63AD3D-4A25-4F5C-BD43-1E19192357F2}.Debug|x86.Build.0 = Debug|Win32
		{FD63AD3D-4A25-4F5C-BD43-1E19192357F2}.Release|Any CPU.ActiveCfg = Release|Win32
		{FD63AD3D-4A25-4F5C-BD43-1E19192357F2}.Release|x64.ActiveCfg = Release|Win32
		{FD63AD3D-4A25-4F5C-BD43-1E19192357F2}.Release|x86.ActiveCfg = Release|Win32
		{FD63AD3D-4A25-4F5C-BD43-1E19192357F2}.Release|x86.Build.0 = Release|Win32
		{462B43B2-8B13-4178-BF2A-903F76F1985C}.Debug|Any CPU.ActiveCfg = Debug|Win32
		{462B43B2-8B13-4178-BF2A-903F76F1985C}.Debug|x64.ActiveCfg = Debug|x64
		{462B43B2-8B13-4178-BF2A-903F76F1985C}.Debug|x64.Build.0 = Debug|x64
		{462B43B2-8B13-4178-BF2A-903F76F1985C}.Debug|x86.ActiveCfg = Debug|Win32
		{462B43B2-8B13-4178-BF2A-903F76F1985C}.Debug|x86.Build.0 = Debug|Win32
		{462B43B2-8B13-4178-BF2A-903F76F1985C}.Release|Any CPU.ActiveCfg = Release|Win32
		{462B43B2-8B13-4178-BF2A-903F76F1985C}.Release|x64.ActiveCfg = Release|x64
		{462B43B2-8B13-4178-BF2A-903F76F1985C}.Release|x64.Build.0 = Release|x64
		{462B43B2-8B13-4178-BF2A-903F76F1985C}.Release|x86.ActiveCfg = Release|Win32
		{462B43B2-8B13-4178-BF2A-903F76F1985C}.Release|x86.Build.0 = Release|Win32
	EndGlobalSection
	GlobalSection(SolutionProperties) = preSolution
		HideSolutionNode = FALSE
	EndGlobalSection
EndGlobal
